
Microsoft Visual Studio Solution File, Format Version 12.00
# Visual Studio 2013
VisualStudioVersion = 12.0.21005.1
MinimumVisualStudioVersion = 10.0.40219.1
Project("{FAE04EC0-301F-11D3-BF4B-00C04F79EFBC}") = "Lury.Compiling", "Lury.Compiling\Lury.Compiling.csproj", "{0523CE8E-34D5-46F1-9408-4C957F0BB9AA}"
EndProject
Global
	GlobalSection(SolutionConfigurationPlatforms) = preSolution
		Debug|Any CPU = Debug|Any CPU
		Release|Any CPU = Release|Any CPU
	EndGlobalSection
	GlobalSection(ProjectConfigurationPlatforms) = postSolution
		{0523CE8E-34D5-46F1-9408-4C957F0BB9AA}.Debug|Any CPU.ActiveCfg = Debug|Any CPU
		{0523CE8E-34D5-46F1-9408-4C957F0BB9AA}.Debug|Any CPU.Build.0 = Debug|Any CPU
		{0523CE8E-34D5-46F1-9408-4C957F0BB9AA}.Release|Any CPU.ActiveCfg = Release|Any CPU
		{0523CE8E-34D5-46F1-9408-4C957F0BB9AA}.Release|Any CPU.Build.0 = Release|Any CPU
	EndGlobalSection
	GlobalSection(SolutionProperties) = preSolution
		HideSolutionNode = FALSE
	EndGlobalSection
EndGlobal
